
Microsoft Visual Studio Solution File, Format Version 12.00
# Visual Studio 15
VisualStudioVersion = 15.0.28307.852
MinimumVisualStudioVersion = 10.0.40219.1
Project("{FAE04EC0-301F-11D3-BF4B-00C04F79EFBC}") = "BT2_16520339.Android", "BT2_16520339\BT2_16520339.Android\BT2_16520339.Android.csproj", "{CDC71409-F857-489F-9CD4-93C1573DF2B0}"
EndProject
Project("{FAE04EC0-301F-11D3-BF4B-00C04F79EFBC}") = "BT2_16520339.iOS", "BT2_16520339\BT2_16520339.iOS\BT2_16520339.iOS.csproj", "{BED769F6-7D62-48E2-AE9F-9691A08A4EDE}"
EndProject
Project("{FAE04EC0-301F-11D3-BF4B-00C04F79EFBC}") = "BT2_16520339", "BT2_16520339\BT2_16520339\BT2_16520339.csproj", "{BB36760B-8C78-4416-877D-CA86496EF401}"
EndProject
Global
	GlobalSection(SolutionConfigurationPlatforms) = preSolution
		Ad-Hoc|Any CPU = Ad-Hoc|Any CPU
		Ad-Hoc|iPhone = Ad-Hoc|iPhone
		Ad-Hoc|iPhoneSimulator = Ad-Hoc|iPhoneSimulator
		AppStore|Any CPU = AppStore|Any CPU
		AppStore|iPhone = AppStore|iPhone
		AppStore|iPhoneSimulator = AppStore|iPhoneSimulator
		Debug|Any CPU = Debug|Any CPU
		Debug|iPhone = Debug|iPhone
		Debug|iPhoneSimulator = Debug|iPhoneSimulator
		Release|Any CPU = Release|Any CPU
		Release|iPhone = Release|iPhone
		Release|iPhoneSimulator = Release|iPhoneSimulator
	EndGlobalSection
	GlobalSection(ProjectConfigurationPlatforms) = postSolution
		{CDC71409-F857-489F-9CD4-93C1573DF2B0}.Ad-Hoc|Any CPU.ActiveCfg = Release|Any CPU
		{CDC71409-F857-489F-9CD4-93C1573DF2B0}.Ad-Hoc|Any CPU.Build.0 = Release|Any CPU
		{CDC71409-F857-489F-9CD4-93C1573DF2B0}.Ad-Hoc|Any CPU.Deploy.0 = Release|Any CPU
		{CDC71409-F857-489F-9CD4-93C1573DF2B0}.Ad-Hoc|iPhone.ActiveCfg = Release|Any CPU
		{CDC71409-F857-489F-9CD4-93C1573DF2B0}.Ad-Hoc|iPhone.Build.0 = Release|Any CPU
		{CDC71409-F857-489F-9CD4-93C1573DF2B0}.Ad-Hoc|iPhone.Deploy.0 = Release|Any CPU
		{CDC71409-F857-489F-9CD4-93C1573DF2B0}.Ad-Hoc|iPhoneSimulator.ActiveCfg = Release|Any CPU
		{CDC71409-F857-489F-9CD4-93C1573DF2B0}.Ad-Hoc|iPhoneSimulator.Build.0 = Release|Any CPU
		{CDC71409-F857-489F-9CD4-93C1573DF2B0}.Ad-Hoc|iPhoneSimulator.Deploy.0 = Release|Any CPU
		{CDC71409-F857-489F-9CD4-93C1573DF2B0}.AppStore|Any CPU.ActiveCfg = Release|Any CPU
		{CDC71409-F857-489F-9CD4-93C1573DF2B0}.AppStore|Any CPU.Build.0 = Release|Any CPU
		{CDC71409-F857-489F-9CD4-93C1573DF2B0}.AppStore|Any CPU.Deploy.0 = Release|Any CPU
		{CDC71409-F857-489F-9CD4-93C1573DF2B0}.AppStore|iPhone.ActiveCfg = Release|Any CPU
		{CDC71409-F857-489F-9CD4-93C1573DF2B0}.AppStore|iPhone.Build.0 = Release|Any CPU
		{CDC71409-F857-489F-9CD4-93C1573DF2B0}.AppStore|iPhone.Deploy.0 = Release|Any CPU
		{CDC71409-F857-489F-9CD4-93C1573DF2B0}.AppStore|iPhoneSimulator.ActiveCfg = Release|Any CPU
		{CDC71409-F857-489F-9CD4-93C1573DF2B0}.AppStore|iPhoneSimulator.Build.0 = Release|Any CPU
		{CDC71409-F857-489F-9CD4-93C1573DF2B0}.AppStore|iPhoneSimulator.Deploy.0 = Release|Any CPU
		{CDC71409-F857-489F-9CD4-93C1573DF2B0}.Debug|Any CPU.ActiveCfg = Debug|Any CPU
		{CDC71409-F857-489F-9CD4-93C1573DF2B0}.Debug|Any CPU.Build.0 = Debug|Any CPU
		{CDC71409-F857-489F-9CD4-93C1573DF2B0}.Debug|Any CPU.Deploy.0 = Debug|Any CPU
		{CDC71409-F857-489F-9CD4-93C1573DF2B0}.Debug|iPhone.ActiveCfg = Debug|Any CPU
		{CDC71409-F857-489F-9CD4-93C1573DF2B0}.Debug|iPhone.Build.0 = Debug|Any CPU
		{CDC71409-F857-489F-9CD4-93C1573DF2B0}.Debug|iPhone.Deploy.0 = Debug|Any CPU
		{CDC71409-F857-489F-9CD4-93C1573DF2B0}.Debug|iPhoneSimulator.ActiveCfg = Debug|Any CPU
		{CDC71409-F857-489F-9CD4-93C1573DF2B0}.Debug|iPhoneSimulator.Build.0 = Debug|Any CPU
		{CDC71409-F857-489F-9CD4-93C1573DF2B0}.Debug|iPhoneSimulator.Deploy.0 = Debug|Any CPU
		{CDC71409-F857-489F-9CD4-93C1573DF2B0}.Release|Any CPU.ActiveCfg = Release|Any CPU
		{CDC71409-F857-489F-9CD4-93C1573DF2B0}.Release|Any CPU.Build.0 = Release|Any CPU
		{CDC71409-F857-489F-9CD4-93C1573DF2B0}.Release|Any CPU.Deploy.0 = Release|Any CPU
		{CDC71409-F857-489F-9CD4-93C1573DF2B0}.Release|iPhone.ActiveCfg = Release|Any CPU
		{CDC71409-F857-489F-9CD4-93C1573DF2B0}.Release|iPhone.Build.0 = Release|Any CPU
		{CDC71409-F857-489F-9CD4-93C1573DF2B0}.Release|iPhone.Deploy.0 = Release|Any CPU
		{CDC71409-F857-489F-9CD4-93C1573DF2B0}.Release|iPhoneSimulator.ActiveCfg = Release|Any CPU
		{CDC71409-F857-489F-9CD4-93C1573DF2B0}.Release|iPhoneSimulator.Build.0 = Release|Any CPU
		{CDC71409-F857-489F-9CD4-93C1573DF2B0}.Release|iPhoneSimulator.Deploy.0 = Release|Any CPU
		{BED769F6-7D62-48E2-AE9F-9691A08A4EDE}.Ad-Hoc|Any CPU.ActiveCfg = Ad-Hoc|iPhone
		{BED769F6-7D62-48E2-AE9F-9691A08A4EDE}.Ad-Hoc|Any CPU.Build.0 = Ad-Hoc|iPhone
		{BED769F6-7D62-48E2-AE9F-9691A08A4EDE}.Ad-Hoc|Any CPU.Deploy.0 = Ad-Hoc|iPhone
		{BED769F6-7D62-48E2-AE9F-9691A08A4EDE}.Ad-Hoc|iPhone.ActiveCfg = Ad-Hoc|iPhone
		{BED769F6-7D62-48E2-AE9F-9691A08A4EDE}.Ad-Hoc|iPhone.Build.0 = Ad-Hoc|iPhone
		{BED769F6-7D62-48E2-AE9F-9691A08A4EDE}.Ad-Hoc|iPhone.Deploy.0 = Ad-Hoc|iPhone
		{BED769F6-7D62-48E2-AE9F-9691A08A4EDE}.Ad-Hoc|iPhoneSimulator.ActiveCfg = Ad-Hoc|iPhoneSimulator
		{BED769F6-7D62-48E2-AE9F-9691A08A4EDE}.Ad-Hoc|iPhoneSimulator.Build.0 = Ad-Hoc|iPhoneSimulator
		{BED769F6-7D62-48E2-AE9F-9691A08A4EDE}.Ad-Hoc|iPhoneSimulator.Deploy.0 = Ad-Hoc|iPhoneSimulator
		{BED769F6-7D62-48E2-AE9F-9691A08A4EDE}.AppStore|Any CPU.ActiveCfg = AppStore|iPhone
		{BED769F6-7D62-48E2-AE9F-9691A08A4EDE}.AppStore|Any CPU.Build.0 = AppStore|iPhone
		{BED769F6-7D62-48E2-AE9F-9691A08A4EDE}.AppStore|Any CPU.Deploy.0 = AppStore|iPhone
		{BED769F6-7D62-48E2-AE9F-9691A08A4EDE}.AppStore|iPhone.ActiveCfg = AppStore|iPhone
		{BED769F6-7D62-48E2-AE9F-9691A08A4EDE}.AppStore|iPhone.Build.0 = AppStore|iPhone
		{BED769F6-7D62-48E2-AE9F-9691A08A4EDE}.AppStore|iPhone.Deploy.0 = AppStore|iPhone
		{BED769F6-7D62-48E2-AE9F-9691A08A4EDE}.AppStore|iPhoneSimulator.ActiveCfg = AppStore|iPhoneSimulator
		{BED769F6-7D62-48E2-AE9F-9691A08A4EDE}.AppStore|iPhoneSimulator.Build.0 = AppStore|iPhoneSimulator
		{BED769F6-7D62-48E2-AE9F-9691A08A4EDE}.AppStore|iPhoneSimulator.Deploy.0 = AppStore|iPhoneSimulator
		{BED769F6-7D62-48E2-AE9F-9691A08A4EDE}.Debug|Any CPU.ActiveCfg = Debug|iPhoneSimulator
		{BED769F6-7D62-48E2-AE9F-9691A08A4EDE}.Debug|Any CPU.Build.0 = Debug|iPhoneSimulator
		{BED769F6-7D62-48E2-AE9F-9691A08A4EDE}.Debug|Any CPU.Deploy.0 = Debug|iPhoneSimulator
		{BED769F6-7D62-48E2-AE9F-9691A08A4EDE}.Debug|iPhone.ActiveCfg = Debug|iPhone
		{BED769F6-7D62-48E2-AE9F-9691A08A4EDE}.Debug|iPhone.Build.0 = Debug|iPhone
		{BED769F6-7D62-48E2-AE9F-9691A08A4EDE}.Debug|iPhone.Deploy.0 = Debug|iPhone
		{BED769F6-7D62-48E2-AE9F-9691A08A4EDE}.Debug|iPhoneSimulator.ActiveCfg = Debug|iPhoneSimulator
		{BED769F6-7D62-48E2-AE9F-9691A08A4EDE}.Debug|iPhoneSimulator.Build.0 = Debug|iPhoneSimulator
		{BED769F6-7D62-48E2-AE9F-9691A08A4EDE}.Debug|iPhoneSimulator.Deploy.0 = Debug|iPhoneSimulator
		{BED769F6-7D62-48E2-AE9F-9691A08A4EDE}.Release|Any CPU.ActiveCfg = Release|iPhone
		{BED769F6-7D62-48E2-AE9F-9691A08A4EDE}.Release|Any CPU.Build.0 = Release|iPhone
		{BED769F6-7D62-48E2-AE9F-9691A08A4EDE}.Release|Any CPU.Deploy.0 = Release|iPhone
		{BED769F6-7D62-48E2-AE9F-9691A08A4EDE}.Release|iPhone.ActiveCfg = Release|iPhone
		{BED769F6-7D62-48E2-AE9F-9691A08A4EDE}.Release|iPhone.Build.0 = Release|iPhone
		{BED769F6-7D62-48E2-AE9F-9691A08A4EDE}.Release|iPhone.Deploy.0 = Release|iPhone
		{BED769F6-7D62-48E2-AE9F-9691A08A4EDE}.Release|iPhoneSimulator.ActiveCfg = Release|iPhoneSimulator
		{BED769F6-7D62-48E2-AE9F-9691A08A4EDE}.Release|iPhoneSimulator.Build.0 = Release|iPhoneSimulator
		{BED769F6-7D62-48E2-AE9F-9691A08A4EDE}.Release|iPhoneSimulator.Deploy.0 = Release|iPhoneSimulator
		{BB36760B-8C78-4416-877D-CA86496EF401}.Ad-Hoc|Any CPU.ActiveCfg = Debug|Any CPU
		{BB36760B-8C78-4416-877D-CA86496EF401}.Ad-Hoc|Any CPU.Build.0 = Debug|Any CPU
		{BB36760B-8C78-4416-877D-CA86496EF401}.Ad-Hoc|Any CPU.Deploy.0 = Debug|Any CPU
		{BB36760B-8C78-4416-877D-CA86496EF401}.Ad-Hoc|iPhone.ActiveCfg = Debug|Any CPU
		{BB36760B-8C78-4416-877D-CA86496EF401}.Ad-Hoc|iPhone.Build.0 = Debug|Any CPU
		{BB36760B-8C78-4416-877D-CA86496EF401}.Ad-Hoc|iPhone.Deploy.0 = Debug|Any CPU
		{BB36760B-8C78-4416-877D-CA86496EF401}.Ad-Hoc|iPhoneSimulator.ActiveCfg = Debug|Any CPU
		{BB36760B-8C78-4416-877D-CA86496EF401}.Ad-Hoc|iPhoneSimulator.Build.0 = Debug|Any CPU
		{BB36760B-8C78-4416-877D-CA86496EF401}.Ad-Hoc|iPhoneSimulator.Deploy.0 = Debug|Any CPU
		{BB36760B-8C78-4416-877D-CA86496EF401}.AppStore|Any CPU.ActiveCfg = Debug|Any CPU
		{BB36760B-8C78-4416-877D-CA86496EF401}.AppStore|Any CPU.Build.0 = Debug|Any CPU
		{BB36760B-8C78-4416-877D-CA86496EF401}.AppStore|Any CPU.Deploy.0 = Debug|Any CPU
		{BB36760B-8C78-4416-877D-CA86496EF401}.AppStore|iPhone.ActiveCfg = Debug|Any CPU
		{BB36760B-8C78-4416-877D-CA86496EF401}.AppStore|iPhone.Build.0 = Debug|Any CPU
		{BB36760B-8C78-4416-877D-CA86496EF401}.AppStore|iPhone.Deploy.0 = Debug|Any CPU
		{BB36760B-8C78-4416-877D-CA86496EF401}.AppStore|iPhoneSimulator.ActiveCfg = Debug|Any CPU
		{BB36760B-8C78-4416-877D-CA86496EF401}.AppStore|iPhoneSimulator.Build.0 = Debug|Any CPU
		{BB36760B-8C78-4416-877D-CA86496EF401}.AppStore|iPhoneSimulator.Deploy.0 = Debug|Any CPU
		{BB36760B-8C78-4416-877D-CA86496EF401}.Debug|Any CPU.ActiveCfg = Debug|Any CPU
		{BB36760B-8C78-4416-877D-CA86496EF401}.Debug|Any CPU.Build.0 = Debug|Any CPU
		{BB36760B-8C78-4416-877D-CA86496EF401}.Debug|Any CPU.Deploy.0 = Debug|Any CPU
		{BB36760B-8C78-4416-877D-CA86496EF401}.Debug|iPhone.ActiveCfg = Debug|Any CPU
		{BB36760B-8C78-4416-877D-CA86496EF401}.Debug|iPhone.Build.0 = Debug|Any CPU
		{BB36760B-8C78-4416-877D-CA86496EF401}.Debug|iPhone.Deploy.0 = Debug|Any CPU
		{BB36760B-8C78-4416-877D-CA86496EF401}.Debug|iPhoneSimulator.ActiveCfg = Debug|Any CPU
		{BB36760B-8C78-4416-877D-CA86496EF401}.Debug|iPhoneSimulator.Build.0 = Debug|Any CPU
		{BB36760B-8C78-4416-877D-CA86496EF401}.Debug|iPhoneSimulator.Deploy.0 = Debug|Any CPU
		{BB36760B-8C78-4416-877D-CA86496EF401}.Release|Any CPU.ActiveCfg = Release|Any CPU
		{BB36760B-8C78-4416-877D-CA86496EF401}.Release|Any CPU.Build.0 = Release|Any CPU
		{BB36760B-8C78-4416-877D-CA86496EF401}.Release|Any CPU.Deploy.0 = Release|Any CPU
		{BB36760B-8C78-4416-877D-CA86496EF401}.Release|iPhone.ActiveCfg = Release|Any CPU
		{BB36760B-8C78-4416-877D-CA86496EF401}.Release|iPhone.Build.0 = Release|Any CPU
		{BB36760B-8C78-4416-877D-CA86496EF401}.Release|iPhone.Deploy.0 = Release|Any CPU
		{BB36760B-8C78-4416-877D-CA86496EF401}.Release|iPhoneSimulator.ActiveCfg = Release|Any CPU
		{BB36760B-8C78-4416-877D-CA86496EF401}.Release|iPhoneSimulator.Build.0 = Release|Any CPU
		{BB36760B-8C78-4416-877D-CA86496EF401}.Release|iPhoneSimulator.Deploy.0 = Release|Any CPU
	EndGlobalSection
	GlobalSection(SolutionProperties) = preSolution
		HideSolutionNode = FALSE
	EndGlobalSection
	GlobalSection(ExtensibilityGlobals) = postSolution
		SolutionGuid = {2464C857-F361-43D4-9CD4-74CE8BB77B7E}
	EndGlobalSection
EndGlobal
